
Microsoft Visual Studio Solution File, Format Version 12.00
# Visual Studio Version 17
VisualStudioVersion = 17.5.33530.505
MinimumVisualStudioVersion = 10.0.40219.1
Project("{FAE04EC0-301F-11D3-BF4B-00C04F79EFBC}") = "TecnoPlus", "TecnoPlus\TecnoPlus.csproj", "{7194AD3E-7EB3-4308-B93C-EA54192CF1FA}"
EndProject
Global
	GlobalSection(SolutionConfigurationPlatforms) = preSolution
		Debug|Any CPU = Debug|Any CPU
		Release|Any CPU = Release|Any CPU
	EndGlobalSection
	GlobalSection(ProjectConfigurationPlatforms) = postSolution
		{7194AD3E-7EB3-4308-B93C-EA54192CF1FA}.Debug|Any CPU.ActiveCfg = Debug|Any CPU
		{7194AD3E-7EB3-4308-B93C-EA54192CF1FA}.Debug|Any CPU.Build.0 = Debug|Any CPU
		{7194AD3E-7EB3-4308-B93C-EA54192CF1FA}.Release|Any CPU.ActiveCfg = Release|Any CPU
		{7194AD3E-7EB3-4308-B93C-EA54192CF1FA}.Release|Any CPU.Build.0 = Release|Any CPU
	EndGlobalSection
	GlobalSection(SolutionProperties) = preSolution
		HideSolutionNode = FALSE
	EndGlobalSection
	GlobalSection(ExtensibilityGlobals) = postSolution
		SolutionGuid = {01FBE05F-84CB-4A16-BDBA-5DEB875D4D34}
	EndGlobalSection
EndGlobal
